
Microsoft Visual Studio Solution File, Format Version 12.00
# Visual Studio Version 16
VisualStudioVersion = 16.0.32901.82
MinimumVisualStudioVersion = 10.0.40219.1
Project("{FAE04EC0-301F-11D3-BF4B-00C04F79EFBC}") = "Collections", "Collections\Collections.csproj", "{7F421844-9EA8-4194-9A84-4A2CB57EC262}"
EndProject
Project("{FAE04EC0-301F-11D3-BF4B-00C04F79EFBC}") = "Service", "Service\Service.csproj", "{8392006D-4AFA-4C71-AF06-C4DB62F5053C}"
EndProject
Project("{FAE04EC0-301F-11D3-BF4B-00C04F79EFBC}") = "Domain", "Demons\Domain.csproj", "{6C63EFBC-531A-47FA-B4D5-9119A544640C}"
EndProject
Global
	GlobalSection(SolutionConfigurationPlatforms) = preSolution
		Debug|Any CPU = Debug|Any CPU
		Release|Any CPU = Release|Any CPU
	EndGlobalSection
	GlobalSection(ProjectConfigurationPlatforms) = postSolution
		{7F421844-9EA8-4194-9A84-4A2CB57EC262}.Debug|Any CPU.ActiveCfg = Debug|Any CPU
		{7F421844-9EA8-4194-9A84-4A2CB57EC262}.Debug|Any CPU.Build.0 = Debug|Any CPU
		{7F421844-9EA8-4194-9A84-4A2CB57EC262}.Release|Any CPU.ActiveCfg = Release|Any CPU
		{7F421844-9EA8-4194-9A84-4A2CB57EC262}.Release|Any CPU.Build.0 = Release|Any CPU
		{8392006D-4AFA-4C71-AF06-C4DB62F5053C}.Debug|Any CPU.ActiveCfg = Debug|Any CPU
		{8392006D-4AFA-4C71-AF06-C4DB62F5053C}.Debug|Any CPU.Build.0 = Debug|Any CPU
		{8392006D-4AFA-4C71-AF06-C4DB62F5053C}.Release|Any CPU.ActiveCfg = Release|Any CPU
		{8392006D-4AFA-4C71-AF06-C4DB62F5053C}.Release|Any CPU.Build.0 = Release|Any CPU
		{6C63EFBC-531A-47FA-B4D5-9119A544640C}.Debug|Any CPU.ActiveCfg = Debug|Any CPU
		{6C63EFBC-531A-47FA-B4D5-9119A544640C}.Debug|Any CPU.Build.0 = Debug|Any CPU
		{6C63EFBC-531A-47FA-B4D5-9119A544640C}.Release|Any CPU.ActiveCfg = Release|Any CPU
		{6C63EFBC-531A-47FA-B4D5-9119A544640C}.Release|Any CPU.Build.0 = Release|Any CPU
	EndGlobalSection
	GlobalSection(SolutionProperties) = preSolution
		HideSolutionNode = FALSE
	EndGlobalSection
	GlobalSection(ExtensibilityGlobals) = postSolution
		SolutionGuid = {C7A1ACB4-623D-4B61-8F3C-C7E9B51D9E72}
	EndGlobalSection
EndGlobal
