
Microsoft Visual Studio Solution File, Format Version 12.00
# Visual Studio Version 16
VisualStudioVersion = 16.0.32901.82
MinimumVisualStudioVersion = 10.0.40219.1
Project("{FAE04EC0-301F-11D3-BF4B-00C04F79EFBC}") = "Implicit, Explicit, Generic", "Implicit, Explicit, Generic\Implicit, Explicit, Generic.csproj", "{E97E0E4A-4C8F-44BA-B4CD-53DAF1360DB2}"
EndProject
Global
	GlobalSection(SolutionConfigurationPlatforms) = preSolution
		Debug|Any CPU = Debug|Any CPU
		Release|Any CPU = Release|Any CPU
	EndGlobalSection
	GlobalSection(ProjectConfigurationPlatforms) = postSolution
		{E97E0E4A-4C8F-44BA-B4CD-53DAF1360DB2}.Debug|Any CPU.ActiveCfg = Debug|Any CPU
		{E97E0E4A-4C8F-44BA-B4CD-53DAF1360DB2}.Debug|Any CPU.Build.0 = Debug|Any CPU
		{E97E0E4A-4C8F-44BA-B4CD-53DAF1360DB2}.Release|Any CPU.ActiveCfg = Release|Any CPU
		{E97E0E4A-4C8F-44BA-B4CD-53DAF1360DB2}.Release|Any CPU.Build.0 = Release|Any CPU
	EndGlobalSection
	GlobalSection(SolutionProperties) = preSolution
		HideSolutionNode = FALSE
	EndGlobalSection
	GlobalSection(ExtensibilityGlobals) = postSolution
		SolutionGuid = {F0EB49AA-292E-476D-802A-57707977AE22}
	EndGlobalSection
EndGlobal
