
Microsoft Visual Studio Solution File, Format Version 12.00
# Visual Studio Version 16
VisualStudioVersion = 16.0.32901.82
MinimumVisualStudioVersion = 10.0.40219.1
Project("{FAE04EC0-301F-11D3-BF4B-00C04F79EFBC}") = "Delegates", "Delegates\Delegates.csproj", "{8886A70A-D1FB-4666-B4F8-FF0326A83860}"
EndProject
Global
	GlobalSection(SolutionConfigurationPlatforms) = preSolution
		Debug|Any CPU = Debug|Any CPU
		Release|Any CPU = Release|Any CPU
	EndGlobalSection
	GlobalSection(ProjectConfigurationPlatforms) = postSolution
		{8886A70A-D1FB-4666-B4F8-FF0326A83860}.Debug|Any CPU.ActiveCfg = Debug|Any CPU
		{8886A70A-D1FB-4666-B4F8-FF0326A83860}.Debug|Any CPU.Build.0 = Debug|Any CPU
		{8886A70A-D1FB-4666-B4F8-FF0326A83860}.Release|Any CPU.ActiveCfg = Release|Any CPU
		{8886A70A-D1FB-4666-B4F8-FF0326A83860}.Release|Any CPU.Build.0 = Release|Any CPU
	EndGlobalSection
	GlobalSection(SolutionProperties) = preSolution
		HideSolutionNode = FALSE
	EndGlobalSection
	GlobalSection(ExtensibilityGlobals) = postSolution
		SolutionGuid = {E83C4BD2-FCDE-4C62-954A-ACCD88D0A4D5}
	EndGlobalSection
EndGlobal
