
Microsoft Visual Studio Solution File, Format Version 12.00
# Visual Studio Version 17
VisualStudioVersion = 17.4.33110.190
MinimumVisualStudioVersion = 10.0.40219.1
Project("{9A19103F-16F7-4668-BE54-9A1E7A4F7556}") = "Exception", "Exception\Exception.csproj", "{79847E83-7D93-4BBD-A9FA-F63CFE48BC22}"
EndProject
Project("{FAE04EC0-301F-11D3-BF4B-00C04F79EFBC}") = "ServiceLayer", "ServiceLayer\ServiceLayer.csproj", "{3EFCEA29-997F-4787-9E0C-B1E5CA3F90E8}"
EndProject
Project("{FAE04EC0-301F-11D3-BF4B-00C04F79EFBC}") = "Domain", "Domain\Domain.csproj", "{2D6183FB-4AB4-4A44-8F48-8350DC675F35}"
EndProject
Global
	GlobalSection(SolutionConfigurationPlatforms) = preSolution
		Debug|Any CPU = Debug|Any CPU
		Release|Any CPU = Release|Any CPU
	EndGlobalSection
	GlobalSection(ProjectConfigurationPlatforms) = postSolution
		{79847E83-7D93-4BBD-A9FA-F63CFE48BC22}.Debug|Any CPU.ActiveCfg = Debug|Any CPU
		{79847E83-7D93-4BBD-A9FA-F63CFE48BC22}.Debug|Any CPU.Build.0 = Debug|Any CPU
		{79847E83-7D93-4BBD-A9FA-F63CFE48BC22}.Release|Any CPU.ActiveCfg = Release|Any CPU
		{79847E83-7D93-4BBD-A9FA-F63CFE48BC22}.Release|Any CPU.Build.0 = Release|Any CPU
		{3EFCEA29-997F-4787-9E0C-B1E5CA3F90E8}.Debug|Any CPU.ActiveCfg = Debug|Any CPU
		{3EFCEA29-997F-4787-9E0C-B1E5CA3F90E8}.Debug|Any CPU.Build.0 = Debug|Any CPU
		{3EFCEA29-997F-4787-9E0C-B1E5CA3F90E8}.Release|Any CPU.ActiveCfg = Release|Any CPU
		{3EFCEA29-997F-4787-9E0C-B1E5CA3F90E8}.Release|Any CPU.Build.0 = Release|Any CPU
		{2D6183FB-4AB4-4A44-8F48-8350DC675F35}.Debug|Any CPU.ActiveCfg = Debug|Any CPU
		{2D6183FB-4AB4-4A44-8F48-8350DC675F35}.Debug|Any CPU.Build.0 = Debug|Any CPU
		{2D6183FB-4AB4-4A44-8F48-8350DC675F35}.Release|Any CPU.ActiveCfg = Release|Any CPU
		{2D6183FB-4AB4-4A44-8F48-8350DC675F35}.Release|Any CPU.Build.0 = Release|Any CPU
	EndGlobalSection
	GlobalSection(SolutionProperties) = preSolution
		HideSolutionNode = FALSE
	EndGlobalSection
	GlobalSection(ExtensibilityGlobals) = postSolution
		SolutionGuid = {14EFA988-62F9-41DF-87D4-07DB8EE4F04F}
	EndGlobalSection
EndGlobal
