
Microsoft Visual Studio Solution File, Format Version 12.00
# Visual Studio Version 17
VisualStudioVersion = 17.4.33122.133
MinimumVisualStudioVersion = 10.0.40219.1
Project("{FAE04EC0-301F-11D3-BF4B-00C04F79EFBC}") = "CompanyApp", "CompanyApp\CompanyApp.csproj", "{7D452E55-B986-47ED-B6B7-F5277C73B225}"
EndProject
Project("{FAE04EC0-301F-11D3-BF4B-00C04F79EFBC}") = "DomainLayer", "DomainLayer\DomainLayer.csproj", "{350A005A-B90C-4947-8D85-D7A8AD0C5F20}"
EndProject
Project("{FAE04EC0-301F-11D3-BF4B-00C04F79EFBC}") = "RepositoryLayer", "RepositoryLayer\RepositoryLayer.csproj", "{8A5CBE85-01EC-4937-BA54-83DD97D5AEE2}"
EndProject
Project("{FAE04EC0-301F-11D3-BF4B-00C04F79EFBC}") = "ServiceLayer", "ServiceLayer\ServiceLayer.csproj", "{9A1F36BD-B0D0-4ADF-9B48-96680718C663}"
EndProject
Global
	GlobalSection(SolutionConfigurationPlatforms) = preSolution
		Debug|Any CPU = Debug|Any CPU
		Release|Any CPU = Release|Any CPU
	EndGlobalSection
	GlobalSection(ProjectConfigurationPlatforms) = postSolution
		{7D452E55-B986-47ED-B6B7-F5277C73B225}.Debug|Any CPU.ActiveCfg = Debug|Any CPU
		{7D452E55-B986-47ED-B6B7-F5277C73B225}.Debug|Any CPU.Build.0 = Debug|Any CPU
		{7D452E55-B986-47ED-B6B7-F5277C73B225}.Release|Any CPU.ActiveCfg = Release|Any CPU
		{7D452E55-B986-47ED-B6B7-F5277C73B225}.Release|Any CPU.Build.0 = Release|Any CPU
		{350A005A-B90C-4947-8D85-D7A8AD0C5F20}.Debug|Any CPU.ActiveCfg = Debug|Any CPU
		{350A005A-B90C-4947-8D85-D7A8AD0C5F20}.Debug|Any CPU.Build.0 = Debug|Any CPU
		{350A005A-B90C-4947-8D85-D7A8AD0C5F20}.Release|Any CPU.ActiveCfg = Release|Any CPU
		{350A005A-B90C-4947-8D85-D7A8AD0C5F20}.Release|Any CPU.Build.0 = Release|Any CPU
		{8A5CBE85-01EC-4937-BA54-83DD97D5AEE2}.Debug|Any CPU.ActiveCfg = Debug|Any CPU
		{8A5CBE85-01EC-4937-BA54-83DD97D5AEE2}.Debug|Any CPU.Build.0 = Debug|Any CPU
		{8A5CBE85-01EC-4937-BA54-83DD97D5AEE2}.Release|Any CPU.ActiveCfg = Release|Any CPU
		{8A5CBE85-01EC-4937-BA54-83DD97D5AEE2}.Release|Any CPU.Build.0 = Release|Any CPU
		{9A1F36BD-B0D0-4ADF-9B48-96680718C663}.Debug|Any CPU.ActiveCfg = Debug|Any CPU
		{9A1F36BD-B0D0-4ADF-9B48-96680718C663}.Debug|Any CPU.Build.0 = Debug|Any CPU
		{9A1F36BD-B0D0-4ADF-9B48-96680718C663}.Release|Any CPU.ActiveCfg = Release|Any CPU
		{9A1F36BD-B0D0-4ADF-9B48-96680718C663}.Release|Any CPU.Build.0 = Release|Any CPU
	EndGlobalSection
	GlobalSection(SolutionProperties) = preSolution
		HideSolutionNode = FALSE
	EndGlobalSection
	GlobalSection(ExtensibilityGlobals) = postSolution
		SolutionGuid = {C063CA24-8510-4AB1-9AFF-243BA3EFD393}
	EndGlobalSection
EndGlobal
